
Microsoft Visual Studio Solution File, Format Version 12.00
# Visual Studio Version 17
VisualStudioVersion = 17.11.35312.102
MinimumVisualStudioVersion = 10.0.40219.1
Project("{888888A0-9F3D-457C-B088-3A5042F75D52}") = "snapshot-server", "snapshot-server.pyproj", "{D046E3CE-7407-435C-8AC8-90EAD32D8D22}"
EndProject
Global
	GlobalSection(SolutionConfigurationPlatforms) = preSolution
		Debug|Any CPU = Debug|Any CPU
		Release|Any CPU = Release|Any CPU
	EndGlobalSection
	GlobalSection(ProjectConfigurationPlatforms) = postSolution
		{D046E3CE-7407-435C-8AC8-90EAD32D8D22}.Debug|Any CPU.ActiveCfg = Debug|Any CPU
		{D046E3CE-7407-435C-8AC8-90EAD32D8D22}.Release|Any CPU.ActiveCfg = Release|Any CPU
	EndGlobalSection
	GlobalSection(SolutionProperties) = preSolution
		HideSolutionNode = FALSE
	EndGlobalSection
	GlobalSection(ExtensibilityGlobals) = postSolution
		SolutionGuid = {344B9FA5-C101-494E-9D81-03EFFE42D0B1}
	EndGlobalSection
EndGlobal
